
Microsoft Visual Studio Solution File, Format Version 12.00
# Visual Studio 15
VisualStudioVersion = 15.0.28307.168
MinimumVisualStudioVersion = 10.0.40219.1
Project("{FAE04EC0-301F-11D3-BF4B-00C04F79EFBC}") = "FeedbackApp V4.0", "FeedbackApp V4.0\FeedbackApp V4.0.csproj", "{219F5423-6019-4949-AD74-0202FF248CA6}"
EndProject
Global
	GlobalSection(SolutionConfigurationPlatforms) = preSolution
		Debug|Any CPU = Debug|Any CPU
		Release|Any CPU = Release|Any CPU
	EndGlobalSection
	GlobalSection(ProjectConfigurationPlatforms) = postSolution
		{219F5423-6019-4949-AD74-0202FF248CA6}.Debug|Any CPU.ActiveCfg = Debug|Any CPU
		{219F5423-6019-4949-AD74-0202FF248CA6}.Debug|Any CPU.Build.0 = Debug|Any CPU
		{219F5423-6019-4949-AD74-0202FF248CA6}.Release|Any CPU.ActiveCfg = Release|Any CPU
		{219F5423-6019-4949-AD74-0202FF248CA6}.Release|Any CPU.Build.0 = Release|Any CPU
	EndGlobalSection
	GlobalSection(SolutionProperties) = preSolution
		HideSolutionNode = FALSE
	EndGlobalSection
	GlobalSection(ExtensibilityGlobals) = postSolution
		SolutionGuid = {1769F1D0-A66F-4963-AFA2-558508157CAE}
	EndGlobalSection
EndGlobal
